// !$*UTF8*$!
{
	archiveVersion = 1;
	classes = {
	};
	objectVersion = 56;
	objects = {

/* Begin PBXBuildFile section */
		38350FC92B1C971D0034C0D1 /* DemoApp.swift in Sources */ = {isa = PBXBuildFile; fileRef = 38350FC82B1C971D0034C0D1 /* DemoApp.swift */; };
		38350FCB2B1C971D0034C0D1 /* ContentView.swift in Sources */ = {isa = PBXBuildFile; fileRef = 38350FCA2B1C971D0034C0D1 /* ContentView.swift */; };
		38350FCD2B1C971D0034C0D1 /* Assets.xcassets in Resources */ = {isa = PBXBuildFile; fileRef = 38350FCC2B1C971D0034C0D1 /* Assets.xcassets */; };
		38350FD02B1C971D0034C0D1 /* Preview Assets.xcassets in Resources */ = {isa = PBXBuildFile; fileRef = 38350FCF2B1C971D0034C0D1 /* Preview Assets.xcassets */; };
		385A046C2B35929D00C86B8D /* LoginView.swift in Sources */ = {isa = PBXBuildFile; fileRef = 385A046B2B35929D00C86B8D /* LoginView.swift */; };
		385A04752B35983400C86B8D /* LoginViewModel.swift in Sources */ = {isa = PBXBuildFile; fileRef = 385A04742B35983400C86B8D /* LoginViewModel.swift */; };
		385A04772B35999900C86B8D /* RegisterViewModel.swift in Sources */ = {isa = PBXBuildFile; fileRef = 385A04762B35999900C86B8D /* RegisterViewModel.swift */; };
		385E020C2B2DC0DC0044EEAE /* Profile.swift in Sources */ = {isa = PBXBuildFile; fileRef = 385E020B2B2DC0DC0044EEAE /* Profile.swift */; };
		385E02152B2DCA040044EEAE /* navbar.swift in Sources */ = {isa = PBXBuildFile; fileRef = 385E02142B2DCA040044EEAE /* navbar.swift */; };
		385E02172B2DCF7C0044EEAE /* Home.swift in Sources */ = {isa = PBXBuildFile; fileRef = 385E02162B2DCF7C0044EEAE /* Home.swift */; };
		385E021D2B2DE3070044EEAE /* Friends.swift in Sources */ = {isa = PBXBuildFile; fileRef = 385E021C2B2DE3070044EEAE /* Friends.swift */; };
		385E02232B2EF1950044EEAE /* Explore.swift in Sources */ = {isa = PBXBuildFile; fileRef = 385E02222B2EF1950044EEAE /* Explore.swift */; };
		386F10002B3C739F008BC0A6 /* SliderTest.swift in Sources */ = {isa = PBXBuildFile; fileRef = 386F0FFF2B3C739F008BC0A6 /* SliderTest.swift */; };
		388A8E3E2B344C1D00C4B894 /* Messages.swift in Sources */ = {isa = PBXBuildFile; fileRef = 388A8E3D2B344C1D00C4B894 /* Messages.swift */; };
		389451F92B3AF7D500F54854 /* RegisterView.swift in Sources */ = {isa = PBXBuildFile; fileRef = 389451F82B3AF7D500F54854 /* RegisterView.swift */; };
		389451FD2B3B0F4200F54854 /* Health.swift in Sources */ = {isa = PBXBuildFile; fileRef = 389451FC2B3B0F4200F54854 /* Health.swift */; };
		389452002B3B18C500F54854 /* HealthActivityManager.swift in Sources */ = {isa = PBXBuildFile; fileRef = 389451FF2B3B18C500F54854 /* HealthActivityManager.swift */; };
		389452022B3B1D2000F54854 /* SportActivityManager.swift in Sources */ = {isa = PBXBuildFile; fileRef = 389452012B3B1D2000F54854 /* SportActivityManager.swift */; };
		389452042B3B20FF00F54854 /* UserSettings.swift in Sources */ = {isa = PBXBuildFile; fileRef = 389452032B3B20FF00F54854 /* UserSettings.swift */; };
		38CAEB682B319F19007F2334 /* HealthKitManager.swift in Sources */ = {isa = PBXBuildFile; fileRef = 38CAEB672B319F19007F2334 /* HealthKitManager.swift */; };
		38CAEB6B2B31A1EB007F2334 /* PlaceCategory.swift in Sources */ = {isa = PBXBuildFile; fileRef = 38CAEB6A2B31A1EB007F2334 /* PlaceCategory.swift */; };
		38CAEB6D2B31A221007F2334 /* SportActivity.swift in Sources */ = {isa = PBXBuildFile; fileRef = 38CAEB6C2B31A221007F2334 /* SportActivity.swift */; };
		38CAEB6F2B31A241007F2334 /* HealthData.swift in Sources */ = {isa = PBXBuildFile; fileRef = 38CAEB6E2B31A241007F2334 /* HealthData.swift */; };
		38CAEB712B31A265007F2334 /* SportActivityData.swift in Sources */ = {isa = PBXBuildFile; fileRef = 38CAEB702B31A265007F2334 /* SportActivityData.swift */; };
		38EDD3592B3BF9AB00F56AA1 /* ChatManager.swift in Sources */ = {isa = PBXBuildFile; fileRef = 38EDD3582B3BF9AB00F56AA1 /* ChatManager.swift */; };
		38EDD35B2B3BF9E900F56AA1 /* ChatData.swift in Sources */ = {isa = PBXBuildFile; fileRef = 38EDD35A2B3BF9E900F56AA1 /* ChatData.swift */; };
		38EDD35D2B3BFA8F00F56AA1 /* Chat.swift in Sources */ = {isa = PBXBuildFile; fileRef = 38EDD35C2B3BFA8F00F56AA1 /* Chat.swift */; };
/* End PBXBuildFile section */

/* Begin PBXFileReference section */
		38350FC52B1C971D0034C0D1 /* Demo.app */ = {isa = PBXFileReference; explicitFileType = wrapper.application; includeInIndex = 0; path = Demo.app; sourceTree = BUILT_PRODUCTS_DIR; };
		38350FC82B1C971D0034C0D1 /* DemoApp.swift */ = {isa = PBXFileReference; lastKnownFileType = sourcecode.swift; path = DemoApp.swift; sourceTree = "<group>"; };
		38350FCA2B1C971D0034C0D1 /* ContentView.swift */ = {isa = PBXFileReference; lastKnownFileType = sourcecode.swift; path = ContentView.swift; sourceTree = "<group>"; };
		38350FCC2B1C971D0034C0D1 /* Assets.xcassets */ = {isa = PBXFileReference; lastKnownFileType = folder.assetcatalog; path = Assets.xcassets; sourceTree = "<group>"; };
		38350FCF2B1C971D0034C0D1 /* Preview Assets.xcassets */ = {isa = PBXFileReference; lastKnownFileType = folder.assetcatalog; path = "Preview Assets.xcassets"; sourceTree = "<group>"; };
		385A046B2B35929D00C86B8D /* LoginView.swift */ = {isa = PBXFileReference; lastKnownFileType = sourcecode.swift; path = LoginView.swift; sourceTree = "<group>"; };
		385A04742B35983400C86B8D /* LoginViewModel.swift */ = {isa = PBXFileReference; lastKnownFileType = sourcecode.swift; path = LoginViewModel.swift; sourceTree = "<group>"; };
		385A04762B35999900C86B8D /* RegisterViewModel.swift */ = {isa = PBXFileReference; lastKnownFileType = sourcecode.swift; path = RegisterViewModel.swift; sourceTree = "<group>"; };
		385E020B2B2DC0DC0044EEAE /* Profile.swift */ = {isa = PBXFileReference; lastKnownFileType = sourcecode.swift; path = Profile.swift; sourceTree = "<group>"; };
		385E02142B2DCA040044EEAE /* navbar.swift */ = {isa = PBXFileReference; lastKnownFileType = sourcecode.swift; path = navbar.swift; sourceTree = "<group>"; };
		385E02162B2DCF7C0044EEAE /* Home.swift */ = {isa = PBXFileReference; lastKnownFileType = sourcecode.swift; path = Home.swift; sourceTree = "<group>"; };
		385E021C2B2DE3070044EEAE /* Friends.swift */ = {isa = PBXFileReference; lastKnownFileType = sourcecode.swift; path = Friends.swift; sourceTree = "<group>"; };
		385E02222B2EF1950044EEAE /* Explore.swift */ = {isa = PBXFileReference; lastKnownFileType = sourcecode.swift; path = Explore.swift; sourceTree = "<group>"; };
		386F0FFF2B3C739F008BC0A6 /* SliderTest.swift */ = {isa = PBXFileReference; lastKnownFileType = sourcecode.swift; path = SliderTest.swift; sourceTree = "<group>"; };
		3877EADD2B31970A0004F360 /* Demo.entitlements */ = {isa = PBXFileReference; lastKnownFileType = text.plist.entitlements; path = Demo.entitlements; sourceTree = "<group>"; };
		3877EADE2B31971E0004F360 /* Info.plist */ = {isa = PBXFileReference; lastKnownFileType = text.plist.xml; path = Info.plist; sourceTree = "<group>"; };
		388A8E3D2B344C1D00C4B894 /* Messages.swift */ = {isa = PBXFileReference; lastKnownFileType = sourcecode.swift; path = Messages.swift; sourceTree = "<group>"; };
		389451F82B3AF7D500F54854 /* RegisterView.swift */ = {isa = PBXFileReference; lastKnownFileType = sourcecode.swift; path = RegisterView.swift; sourceTree = "<group>"; };
		389451FC2B3B0F4200F54854 /* Health.swift */ = {isa = PBXFileReference; lastKnownFileType = sourcecode.swift; path = Health.swift; sourceTree = "<group>"; };
		389451FF2B3B18C500F54854 /* HealthActivityManager.swift */ = {isa = PBXFileReference; lastKnownFileType = sourcecode.swift; path = HealthActivityManager.swift; sourceTree = "<group>"; };
		389452012B3B1D2000F54854 /* SportActivityManager.swift */ = {isa = PBXFileReference; lastKnownFileType = sourcecode.swift; path = SportActivityManager.swift; sourceTree = "<group>"; };
		389452032B3B20FF00F54854 /* UserSettings.swift */ = {isa = PBXFileReference; lastKnownFileType = sourcecode.swift; path = UserSettings.swift; sourceTree = "<group>"; };
		38CAEB672B319F19007F2334 /* HealthKitManager.swift */ = {isa = PBXFileReference; lastKnownFileType = sourcecode.swift; path = HealthKitManager.swift; sourceTree = "<group>"; };
		38CAEB6A2B31A1EB007F2334 /* PlaceCategory.swift */ = {isa = PBXFileReference; lastKnownFileType = sourcecode.swift; path = PlaceCategory.swift; sourceTree = "<group>"; };
		38CAEB6C2B31A221007F2334 /* SportActivity.swift */ = {isa = PBXFileReference; lastKnownFileType = sourcecode.swift; path = SportActivity.swift; sourceTree = "<group>"; };
		38CAEB6E2B31A241007F2334 /* HealthData.swift */ = {isa = PBXFileReference; lastKnownFileType = sourcecode.swift; path = HealthData.swift; sourceTree = "<group>"; };
		38CAEB702B31A265007F2334 /* SportActivityData.swift */ = {isa = PBXFileReference; lastKnownFileType = sourcecode.swift; path = SportActivityData.swift; sourceTree = "<group>"; };
		38EDD3582B3BF9AB00F56AA1 /* ChatManager.swift */ = {isa = PBXFileReference; lastKnownFileType = sourcecode.swift; path = ChatManager.swift; sourceTree = "<group>"; };
		38EDD35A2B3BF9E900F56AA1 /* ChatData.swift */ = {isa = PBXFileReference; lastKnownFileType = sourcecode.swift; path = ChatData.swift; sourceTree = "<group>"; };
		38EDD35C2B3BFA8F00F56AA1 /* Chat.swift */ = {isa = PBXFileReference; lastKnownFileType = sourcecode.swift; path = Chat.swift; sourceTree = "<group>"; };
/* End PBXFileReference section */

/* Begin PBXFrameworksBuildPhase section */
		38350FC22B1C971D0034C0D1 /* Frameworks */ = {
			isa = PBXFrameworksBuildPhase;
			buildActionMask = 2147483647;
			files = (
			);
			runOnlyForDeploymentPostprocessing = 0;
		};
/* End PBXFrameworksBuildPhase section */

/* Begin PBXGroup section */
		38350FBC2B1C971D0034C0D1 = {
			isa = PBXGroup;
			children = (
				389451FE2B3B18A400F54854 /* Managers */,
				38CAEB722B31A7D3007F2334 /* Controllers */,
				38CAEB692B31A19B007F2334 /* Models */,
				38CAEB662B319ED8007F2334 /* Services */,
				38350FC72B1C971D0034C0D1 /* Demo */,
				385E02132B2DC9DE0044EEAE /* Prototypes */,
				38350FC62B1C971D0034C0D1 /* Products */,
			);
			sourceTree = "<group>";
		};
		38350FC62B1C971D0034C0D1 /* Products */ = {
			isa = PBXGroup;
			children = (
				38350FC52B1C971D0034C0D1 /* Demo.app */,
			);
			name = Products;
			sourceTree = "<group>";
		};
		38350FC72B1C971D0034C0D1 /* Demo */ = {
			isa = PBXGroup;
			children = (
				38350FCE2B1C971D0034C0D1 /* Preview Content */,
				3877EADE2B31971E0004F360 /* Info.plist */,
				3877EADD2B31970A0004F360 /* Demo.entitlements */,
				38350FCC2B1C971D0034C0D1 /* Assets.xcassets */,
				385A046A2B35926200C86B8D /* User */,
				385E02162B2DCF7C0044EEAE /* Home.swift */,
				38350FCA2B1C971D0034C0D1 /* ContentView.swift */,
				38350FC82B1C971D0034C0D1 /* DemoApp.swift */,
				385E020B2B2DC0DC0044EEAE /* Profile.swift */,
				385E021C2B2DE3070044EEAE /* Friends.swift */,
				385E02222B2EF1950044EEAE /* Explore.swift */,
			);
			path = Demo;
			sourceTree = "<group>";
		};
		38350FCE2B1C971D0034C0D1 /* Preview Content */ = {
			isa = PBXGroup;
			children = (
				38350FCF2B1C971D0034C0D1 /* Preview Assets.xcassets */,
			);
			path = "Preview Content";
			sourceTree = "<group>";
		};
		385A046A2B35926200C86B8D /* User */ = {
			isa = PBXGroup;
			children = (
				385A046B2B35929D00C86B8D /* LoginView.swift */,
				389451F82B3AF7D500F54854 /* RegisterView.swift */,
				389452032B3B20FF00F54854 /* UserSettings.swift */,
			);
			path = User;
			sourceTree = "<group>";
		};
		385A046F2B3593D300C86B8D /* User Models */ = {
			isa = PBXGroup;
			children = (
				385A04742B35983400C86B8D /* LoginViewModel.swift */,
				385A04762B35999900C86B8D /* RegisterViewModel.swift */,
			);
			path = "User Models";
			sourceTree = "<group>";
		};
		385E02132B2DC9DE0044EEAE /* Prototypes */ = {
			isa = PBXGroup;
			children = (
				38CAEB672B319F19007F2334 /* HealthKitManager.swift */,
				385E02142B2DCA040044EEAE /* navbar.swift */,
				386F0FFF2B3C739F008BC0A6 /* SliderTest.swift */,
			);
			path = Prototypes;
			sourceTree = "<group>";
		};
		389451FE2B3B18A400F54854 /* Managers */ = {
			isa = PBXGroup;
			children = (
				389451FF2B3B18C500F54854 /* HealthActivityManager.swift */,
				389452012B3B1D2000F54854 /* SportActivityManager.swift */,
				38EDD3582B3BF9AB00F56AA1 /* ChatManager.swift */,
			);
			path = Managers;
			sourceTree = "<group>";
		};
		38CAEB662B319ED8007F2334 /* Services */ = {
			isa = PBXGroup;
			children = (
			);
			path = Services;
			sourceTree = "<group>";
		};
		38CAEB692B31A19B007F2334 /* Models */ = {
			isa = PBXGroup;
			children = (
				385A046F2B3593D300C86B8D /* User Models */,
				38CAEB6A2B31A1EB007F2334 /* PlaceCategory.swift */,
				388A8E3D2B344C1D00C4B894 /* Messages.swift */,
				38CAEB702B31A265007F2334 /* SportActivityData.swift */,
				38CAEB6C2B31A221007F2334 /* SportActivity.swift */,
				38CAEB6E2B31A241007F2334 /* HealthData.swift */,
				389451FC2B3B0F4200F54854 /* Health.swift */,
				38EDD35A2B3BF9E900F56AA1 /* ChatData.swift */,
				38EDD35C2B3BFA8F00F56AA1 /* Chat.swift */,
			);
			path = Models;
			sourceTree = "<group>";
		};
		38CAEB722B31A7D3007F2334 /* Controllers */ = {
			isa = PBXGroup;
			children = (
			);
			path = Controllers;
			sourceTree = "<group>";
		};
/* End PBXGroup section */

/* Begin PBXNativeTarget section */
		38350FC42B1C971D0034C0D1 /* Demo */ = {
			isa = PBXNativeTarget;
			buildConfigurationList = 38350FD32B1C971D0034C0D1 /* Build configuration list for PBXNativeTarget "Demo" */;
			buildPhases = (
				38350FC12B1C971D0034C0D1 /* Sources */,
				38350FC22B1C971D0034C0D1 /* Frameworks */,
				38350FC32B1C971D0034C0D1 /* Resources */,
			);
			buildRules = (
			);
			dependencies = (
			);
			name = Demo;
			productName = Demo;
			productReference = 38350FC52B1C971D0034C0D1 /* Demo.app */;
			productType = "com.apple.product-type.application";
		};
/* End PBXNativeTarget section */

/* Begin PBXProject section */
		38350FBD2B1C971D0034C0D1 /* Project object */ = {
			isa = PBXProject;
			attributes = {
				BuildIndependentTargetsInParallel = 1;
				LastSwiftUpdateCheck = 1500;
				LastUpgradeCheck = 1500;
				TargetAttributes = {
					38350FC42B1C971D0034C0D1 = {
						CreatedOnToolsVersion = 15.0;
					};
				};
			};
			buildConfigurationList = 38350FC02B1C971D0034C0D1 /* Build configuration list for PBXProject "Demo" */;
			compatibilityVersion = "Xcode 14.0";
			developmentRegion = en;
			hasScannedForEncodings = 0;
			knownRegions = (
				en,
				Base,
			);
			mainGroup = 38350FBC2B1C971D0034C0D1;
			productRefGroup = 38350FC62B1C971D0034C0D1 /* Products */;
			projectDirPath = "";
			projectRoot = "";
			targets = (
				38350FC42B1C971D0034C0D1 /* Demo */,
			);
		};
/* End PBXProject section */

/* Begin PBXResourcesBuildPhase section */
		38350FC32B1C971D0034C0D1 /* Resources */ = {
			isa = PBXResourcesBuildPhase;
			buildActionMask = 2147483647;
			files = (
				38350FD02B1C971D0034C0D1 /* Preview Assets.xcassets in Resources */,
				38350FCD2B1C971D0034C0D1 /* Assets.xcassets in Resources */,
			);
			runOnlyForDeploymentPostprocessing = 0;
		};
/* End PBXResourcesBuildPhase section */

/* Begin PBXSourcesBuildPhase section */
		38350FC12B1C971D0034C0D1 /* Sources */ = {
			isa = PBXSourcesBuildPhase;
			buildActionMask = 2147483647;
			files = (
				385E020C2B2DC0DC0044EEAE /* Profile.swift in Sources */,
				389452022B3B1D2000F54854 /* SportActivityManager.swift in Sources */,
				38CAEB712B31A265007F2334 /* SportActivityData.swift in Sources */,
				385E021D2B2DE3070044EEAE /* Friends.swift in Sources */,
				389452042B3B20FF00F54854 /* UserSettings.swift in Sources */,
				385A04772B35999900C86B8D /* RegisterViewModel.swift in Sources */,
				38CAEB682B319F19007F2334 /* HealthKitManager.swift in Sources */,
				38350FCB2B1C971D0034C0D1 /* ContentView.swift in Sources */,
				389452002B3B18C500F54854 /* HealthActivityManager.swift in Sources */,
				38CAEB6B2B31A1EB007F2334 /* PlaceCategory.swift in Sources */,
				38EDD35B2B3BF9E900F56AA1 /* ChatData.swift in Sources */,
				389451FD2B3B0F4200F54854 /* Health.swift in Sources */,
				388A8E3E2B344C1D00C4B894 /* Messages.swift in Sources */,
				38EDD35D2B3BFA8F00F56AA1 /* Chat.swift in Sources */,
				389451F92B3AF7D500F54854 /* RegisterView.swift in Sources */,
				38EDD3592B3BF9AB00F56AA1 /* ChatManager.swift in Sources */,
				38350FC92B1C971D0034C0D1 /* DemoApp.swift in Sources */,
				385A04752B35983400C86B8D /* LoginViewModel.swift in Sources */,
				386F10002B3C739F008BC0A6 /* SliderTest.swift in Sources */,
				385A046C2B35929D00C86B8D /* LoginView.swift in Sources */,
				385E02172B2DCF7C0044EEAE /* Home.swift in Sources */,
				385E02152B2DCA040044EEAE /* navbar.swift in Sources */,
				385E02232B2EF1950044EEAE /* Explore.swift in Sources */,
				38CAEB6F2B31A241007F2334 /* HealthData.swift in Sources */,
				38CAEB6D2B31A221007F2334 /* SportActivity.swift in Sources */,
			);
			runOnlyForDeploymentPostprocessing = 0;
		};
/* End PBXSourcesBuildPhase section */

/* Begin XCBuildConfiguration section */
		38350FD12B1C971D0034C0D1 /* Debug */ = {
			isa = XCBuildConfiguration;
			buildSettings = {
				ALWAYS_SEARCH_USER_PATHS = NO;
				ASSETCATALOG_COMPILER_GENERATE_SWIFT_ASSET_SYMBOL_EXTENSIONS = YES;
				CLANG_ANALYZER_NONNULL = YES;
				CLANG_ANALYZER_NUMBER_OBJECT_CONVERSION = YES_AGGRESSIVE;
				CLANG_CXX_LANGUAGE_STANDARD = "gnu++20";
				CLANG_ENABLE_MODULES = YES;
				CLANG_ENABLE_OBJC_ARC = YES;
				CLANG_ENABLE_OBJC_WEAK = YES;
				CLANG_WARN_BLOCK_CAPTURE_AUTORELEASING = YES;
				CLANG_WARN_BOOL_CONVERSION = YES;
				CLANG_WARN_COMMA = YES;
				CLANG_WARN_CONSTANT_CONVERSION = YES;
				CLANG_WARN_DEPRECATED_OBJC_IMPLEMENTATIONS = YES;
				CLANG_WARN_DIRECT_OBJC_ISA_USAGE = YES_ERROR;
				CLANG_WARN_DOCUMENTATION_COMMENTS = YES;
				CLANG_WARN_EMPTY_BODY = YES;
				CLANG_WARN_ENUM_CONVERSION = YES;
				CLANG_WARN_INFINITE_RECURSION = YES;
				CLANG_WARN_INT_CONVERSION = YES;
				CLANG_WARN_NON_LITERAL_NULL_CONVERSION = YES;
				CLANG_WARN_OBJC_IMPLICIT_RETAIN_SELF = YES;
				CLANG_WARN_OBJC_LITERAL_CONVERSION = YES;
				CLANG_WARN_OBJC_ROOT_CLASS = YES_ERROR;
				CLANG_WARN_QUOTED_INCLUDE_IN_FRAMEWORK_HEADER = YES;
				CLANG_WARN_RANGE_LOOP_ANALYSIS = YES;
				CLANG_WARN_STRICT_PROTOTYPES = YES;
				CLANG_WARN_SUSPICIOUS_MOVE = YES;
				CLANG_WARN_UNGUARDED_AVAILABILITY = YES_AGGRESSIVE;
				CLANG_WARN_UNREACHABLE_CODE = YES;
				CLANG_WARN__DUPLICATE_METHOD_MATCH = YES;
				COPY_PHASE_STRIP = NO;
				DEBUG_INFORMATION_FORMAT = dwarf;
				ENABLE_STRICT_OBJC_MSGSEND = YES;
				ENABLE_TESTABILITY = YES;
				ENABLE_USER_SCRIPT_SANDBOXING = YES;
				GCC_C_LANGUAGE_STANDARD = gnu17;
				GCC_DYNAMIC_NO_PIC = NO;
				GCC_NO_COMMON_BLOCKS = YES;
				GCC_OPTIMIZATION_LEVEL = 0;
				GCC_PREPROCESSOR_DEFINITIONS = (
					"DEBUG=1",
					"$(inherited)",
				);
				GCC_WARN_64_TO_32_BIT_CONVERSION = YES;
				GCC_WARN_ABOUT_RETURN_TYPE = YES_ERROR;
				GCC_WARN_UNDECLARED_SELECTOR = YES;
				GCC_WARN_UNINITIALIZED_AUTOS = YES_AGGRESSIVE;
				GCC_WARN_UNUSED_FUNCTION = YES;
				GCC_WARN_UNUSED_VARIABLE = YES;
				IPHONEOS_DEPLOYMENT_TARGET = 17.0;
				LOCALIZATION_PREFERS_STRING_CATALOGS = YES;
				MTL_ENABLE_DEBUG_INFO = INCLUDE_SOURCE;
				MTL_FAST_MATH = YES;
				ONLY_ACTIVE_ARCH = YES;
				SDKROOT = iphoneos;
				SWIFT_ACTIVE_COMPILATION_CONDITIONS = "DEBUG $(inherited)";
				SWIFT_OPTIMIZATION_LEVEL = "-Onone";
			};
			name = Debug;
		};
		38350FD22B1C971D0034C0D1 /* Release */ = {
			isa = XCBuildConfiguration;
			buildSettings = {
				ALWAYS_SEARCH_USER_PATHS = NO;
				ASSETCATALOG_COMPILER_GENERATE_SWIFT_ASSET_SYMBOL_EXTENSIONS = YES;
				CLANG_ANALYZER_NONNULL = YES;
				CLANG_ANALYZER_NUMBER_OBJECT_CONVERSION = YES_AGGRESSIVE;
				CLANG_CXX_LANGUAGE_STANDARD = "gnu++20";
				CLANG_ENABLE_MODULES = YES;
				CLANG_ENABLE_OBJC_ARC = YES;
				CLANG_ENABLE_OBJC_WEAK = YES;
				CLANG_WARN_BLOCK_CAPTURE_AUTORELEASING = YES;
				CLANG_WARN_BOOL_CONVERSION = YES;
				CLANG_WARN_COMMA = YES;
				CLANG_WARN_CONSTANT_CONVERSION = YES;
				CLANG_WARN_DEPRECATED_OBJC_IMPLEMENTATIONS = YES;
				CLANG_WARN_DIRECT_OBJC_ISA_USAGE = YES_ERROR;
				CLANG_WARN_DOCUMENTATION_COMMENTS = YES;
				CLANG_WARN_EMPTY_BODY = YES;
				CLANG_WARN_ENUM_CONVERSION = YES;
				CLANG_WARN_INFINITE_RECURSION = YES;
				CLANG_WARN_INT_CONVERSION = YES;
				CLANG_WARN_NON_LITERAL_NULL_CONVERSION = YES;
				CLANG_WARN_OBJC_IMPLICIT_RETAIN_SELF = YES;
				CLANG_WARN_OBJC_LITERAL_CONVERSION = YES;
				CLANG_WARN_OBJC_ROOT_CLASS = YES_ERROR;
				CLANG_WARN_QUOTED_INCLUDE_IN_FRAMEWORK_HEADER = YES;
				CLANG_WARN_RANGE_LOOP_ANALYSIS = YES;
				CLANG_WARN_STRICT_PROTOTYPES = YES;
				CLANG_WARN_SUSPICIOUS_MOVE = YES;
				CLANG_WARN_UNGUARDED_AVAILABILITY = YES_AGGRESSIVE;
				CLANG_WARN_UNREACHABLE_CODE = YES;
				CLANG_WARN__DUPLICATE_METHOD_MATCH = YES;
				COPY_PHASE_STRIP = NO;
				DEBUG_INFORMATION_FORMAT = "dwarf-with-dsym";
				ENABLE_NS_ASSERTIONS = NO;
				ENABLE_STRICT_OBJC_MSGSEND = YES;
				ENABLE_USER_SCRIPT_SANDBOXING = YES;
				GCC_C_LANGUAGE_STANDARD = gnu17;
				GCC_NO_COMMON_BLOCKS = YES;
				GCC_WARN_64_TO_32_BIT_CONVERSION = YES;
				GCC_WARN_ABOUT_RETURN_TYPE = YES_ERROR;
				GCC_WARN_UNDECLARED_SELECTOR = YES;
				GCC_WARN_UNINITIALIZED_AUTOS = YES_AGGRESSIVE;
				GCC_WARN_UNUSED_FUNCTION = YES;
				GCC_WARN_UNUSED_VARIABLE = YES;
				IPHONEOS_DEPLOYMENT_TARGET = 17.0;
				LOCALIZATION_PREFERS_STRING_CATALOGS = YES;
				MTL_ENABLE_DEBUG_INFO = NO;
				MTL_FAST_MATH = YES;
				SDKROOT = iphoneos;
				SWIFT_COMPILATION_MODE = wholemodule;
				VALIDATE_PRODUCT = YES;
			};
			name = Release;
		};
		38350FD42B1C971D0034C0D1 /* Debug */ = {
			isa = XCBuildConfiguration;
			buildSettings = {
				ASSETCATALOG_COMPILER_APPICON_NAME = AppIcon;
				ASSETCATALOG_COMPILER_GLOBAL_ACCENT_COLOR_NAME = AccentColor;
				CODE_SIGN_ENTITLEMENTS = Demo/Demo.entitlements;
				CODE_SIGN_STYLE = Automatic;
				CURRENT_PROJECT_VERSION = 1;
				DEVELOPMENT_ASSET_PATHS = "\"Demo/Preview Content\"";
				DEVELOPMENT_TEAM = B2D468BFD4;
				ENABLE_PREVIEWS = YES;
				GENERATE_INFOPLIST_FILE = YES;
				INFOPLIST_FILE = Demo/Info.plist;
				INFOPLIST_KEY_LSApplicationCategoryType = "public.app-category.social-networking";
				INFOPLIST_KEY_NSHealthClinicalHealthRecordsShareUsageDescription = "your health data is required for system";
				INFOPLIST_KEY_NSHealthShareUsageDescription = "your health data is required for application";
				INFOPLIST_KEY_UIApplicationSceneManifest_Generation = YES;
				INFOPLIST_KEY_UIApplicationSupportsIndirectInputEvents = YES;
				INFOPLIST_KEY_UILaunchScreen_Generation = YES;
				INFOPLIST_KEY_UISupportedInterfaceOrientations_iPad = "UIInterfaceOrientationPortrait UIInterfaceOrientationPortraitUpsideDown UIInterfaceOrientationLandscapeLeft UIInterfaceOrientationLandscapeRight";
				INFOPLIST_KEY_UISupportedInterfaceOrientations_iPhone = "UIInterfaceOrientationPortrait UIInterfaceOrientationLandscapeLeft UIInterfaceOrientationLandscapeRight";
				IPHONEOS_DEPLOYMENT_TARGET = 15.0;
				LD_RUNPATH_SEARCH_PATHS = (
					"$(inherited)",
					"@executable_path/Frameworks",
				);
				MARKETING_VERSION = 1.0;
				PRODUCT_BUNDLE_IDENTIFIER = test.Durukan.Demo;
				PRODUCT_NAME = "$(TARGET_NAME)";
				SWIFT_EMIT_LOC_STRINGS = YES;
				SWIFT_VERSION = 5.0;
				TARGETED_DEVICE_FAMILY = "1,2";
			};
			name = Debug;
		};
		38350FD52B1C971D0034C0D1 /* Release */ = {
			isa = XCBuildConfiguration;
			buildSettings = {
				ASSETCATALOG_COMPILER_APPICON_NAME = AppIcon;
				ASSETCATALOG_COMPILER_GLOBAL_ACCENT_COLOR_NAME = AccentColor;
				CODE_SIGN_ENTITLEMENTS = Demo/Demo.entitlements;
				CODE_SIGN_STYLE = Automatic;
				CURRENT_PROJECT_VERSION = 1;
				DEVELOPMENT_ASSET_PATHS = "\"Demo/Preview Content\"";
				DEVELOPMENT_TEAM = B2D468BFD4;
				ENABLE_PREVIEWS = YES;
				GENERATE_INFOPLIST_FILE = YES;
				INFOPLIST_FILE = Demo/Info.plist;
				INFOPLIST_KEY_LSApplicationCategoryType = "public.app-category.social-networking";
				INFOPLIST_KEY_NSHealthClinicalHealthRecordsShareUsageDescription = "your health data is required for system";
				INFOPLIST_KEY_NSHealthShareUsageDescription = "your health data is required for application";
				INFOPLIST_KEY_UIApplicationSceneManifest_Generation = YES;
				INFOPLIST_KEY_UIApplicationSupportsIndirectInputEvents = YES;
				INFOPLIST_KEY_UILaunchScreen_Generation = YES;
				INFOPLIST_KEY_UISupportedInterfaceOrientations_iPad = "UIInterfaceOrientationPortrait UIInterfaceOrientationPortraitUpsideDown UIInterfaceOrientationLandscapeLeft UIInterfaceOrientationLandscapeRight";
				INFOPLIST_KEY_UISupportedInterfaceOrientations_iPhone = "UIInterfaceOrientationPortrait UIInterfaceOrientationLandscapeLeft UIInterfaceOrientationLandscapeRight";
				IPHONEOS_DEPLOYMENT_TARGET = 15.0;
				LD_RUNPATH_SEARCH_PATHS = (
					"$(inherited)",
					"@executable_path/Frameworks",
				);
				MARKETING_VERSION = 1.0;
				PRODUCT_BUNDLE_IDENTIFIER = test.Durukan.Demo;
				PRODUCT_NAME = "$(TARGET_NAME)";
				SWIFT_EMIT_LOC_STRINGS = YES;
				SWIFT_VERSION = 5.0;
				TARGETED_DEVICE_FAMILY = "1,2";
			};
			name = Release;
		};
/* End XCBuildConfiguration section */

/* Begin XCConfigurationList section */
		38350FC02B1C971D0034C0D1 /* Build configuration list for PBXProject "Demo" */ = {
			isa = XCConfigurationList;
			buildConfigurations = (
				38350FD12B1C971D0034C0D1 /* Debug */,
				38350FD22B1C971D0034C0D1 /* Release */,
			);
			defaultConfigurationIsVisible = 0;
			defaultConfigurationName = Release;
		};
		38350FD32B1C971D0034C0D1 /* Build configuration list for PBXNativeTarget "Demo" */ = {
			isa = XCConfigurationList;
			buildConfigurations = (
				38350FD42B1C971D0034C0D1 /* Debug */,
				38350FD52B1C971D0034C0D1 /* Release */,
			);
			defaultConfigurationIsVisible = 0;
			defaultConfigurationName = Release;
		};
/* End XCConfigurationList section */
	};
	rootObject = 38350FBD2B1C971D0034C0D1 /* Project object */;
}
